// !$*UTF8*$!
{
	archiveVersion = 1;
	classes = {
	};
	objectVersion = 46;
	objects = {

/* Begin PBXBuildFile section */
		2A2401751BBA2B6A00BBEF6D /* AppDelegate.swift in Sources */ = {isa = PBXBuildFile; fileRef = 2A2401741BBA2B6A00BBEF6D /* AppDelegate.swift */; };
		2A2401771BBA2B6A00BBEF6D /* ViewController.swift in Sources */ = {isa = PBXBuildFile; fileRef = 2A2401761BBA2B6A00BBEF6D /* ViewController.swift */; };
		2A24017A1BBA2B6A00BBEF6D /* Main.storyboard in Resources */ = {isa = PBXBuildFile; fileRef = 2A2401781BBA2B6A00BBEF6D /* Main.storyboard */; };
		2A24017C1BBA2B6A00BBEF6D /* Assets.xcassets in Resources */ = {isa = PBXBuildFile; fileRef = 2A24017B1BBA2B6A00BBEF6D /* Assets.xcassets */; };
		2A24017F1BBA2B6A00BBEF6D /* LaunchScreen.storyboard in Resources */ = {isa = PBXBuildFile; fileRef = 2A24017D1BBA2B6A00BBEF6D /* LaunchScreen.storyboard */; };
		2A24018A1BBA2B6A00BBEF6D /* tweeterTests.swift in Sources */ = {isa = PBXBuildFile; fileRef = 2A2401891BBA2B6A00BBEF6D /* tweeterTests.swift */; };
		2A2401951BBA2B6A00BBEF6D /* tweeterUITests.swift in Sources */ = {isa = PBXBuildFile; fileRef = 2A2401941BBA2B6A00BBEF6D /* tweeterUITests.swift */; };
/* End PBXBuildFile section */

/* Begin PBXContainerItemProxy section */
		2A2401861BBA2B6A00BBEF6D /* PBXContainerItemProxy */ = {
			isa = PBXContainerItemProxy;
			containerPortal = 2A2401691BBA2B6A00BBEF6D /* Project object */;
			proxyType = 1;
			remoteGlobalIDString = 2A2401701BBA2B6A00BBEF6D;
			remoteInfo = tweeter;
		};
		2A2401911BBA2B6A00BBEF6D /* PBXContainerItemProxy */ = {
			isa = PBXContainerItemProxy;
			containerPortal = 2A2401691BBA2B6A00BBEF6D /* Project object */;
			proxyType = 1;
			remoteGlobalIDString = 2A2401701BBA2B6A00BBEF6D;
			remoteInfo = tweeter;
		};
/* End PBXContainerItemProxy section */

/* Begin PBXFileReference section */
		2A2401711BBA2B6A00BBEF6D /* tweeter.app */ = {isa = PBXFileReference; explicitFileType = wrapper.application; includeInIndex = 0; path = tweeter.app; sourceTree = BUILT_PRODUCTS_DIR; };
		2A2401741BBA2B6A00BBEF6D /* AppDelegate.swift */ = {isa = PBXFileReference; lastKnownFileType = sourcecode.swift; path = AppDelegate.swift; sourceTree = "<group>"; };
		2A2401761BBA2B6A00BBEF6D /* ViewController.swift */ = {isa = PBXFileReference; lastKnownFileType = sourcecode.swift; path = ViewController.swift; sourceTree = "<group>"; };
		2A2401791BBA2B6A00BBEF6D /* Base */ = {isa = PBXFileReference; lastKnownFileType = file.storyboard; name = Base; path = Base.lproj/Main.storyboard; sourceTree = "<group>"; };
		2A24017B1BBA2B6A00BBEF6D /* Assets.xcassets */ = {isa = PBXFileReference; lastKnownFileType = folder.assetcatalog; path = Assets.xcassets; sourceTree = "<group>"; };
		2A24017E1BBA2B6A00BBEF6D /* Base */ = {isa = PBXFileReference; lastKnownFileType = file.storyboard; name = Base; path = Base.lproj/LaunchScreen.storyboard; sourceTree = "<group>"; };
		2A2401801BBA2B6A00BBEF6D /* Info.plist */ = {isa = PBXFileReference; lastKnownFileType = text.plist.xml; path = Info.plist; sourceTree = "<group>"; };
		2A2401851BBA2B6A00BBEF6D /* tweeterTests.xctest */ = {isa = PBXFileReference; explicitFileType = wrapper.cfbundle; includeInIndex = 0; path = tweeterTests.xctest; sourceTree = BUILT_PRODUCTS_DIR; };
		2A2401891BBA2B6A00BBEF6D /* tweeterTests.swift */ = {isa = PBXFileReference; lastKnownFileType = sourcecode.swift; path = tweeterTests.swift; sourceTree = "<group>"; };
		2A24018B1BBA2B6A00BBEF6D /* Info.plist */ = {isa = PBXFileReference; lastKnownFileType = text.plist.xml; path = Info.plist; sourceTree = "<group>"; };
		2A2401901BBA2B6A00BBEF6D /* tweeterUITests.xctest */ = {isa = PBXFileReference; explicitFileType = wrapper.cfbundle; includeInIndex = 0; path = tweeterUITests.xctest; sourceTree = BUILT_PRODUCTS_DIR; };
		2A2401941BBA2B6A00BBEF6D /* tweeterUITests.swift */ = {isa = PBXFileReference; lastKnownFileType = sourcecode.swift; path = tweeterUITests.swift; sourceTree = "<group>"; };
		2A2401961BBA2B6A00BBEF6D /* Info.plist */ = {isa = PBXFileReference; lastKnownFileType = text.plist.xml; path = Info.plist; sourceTree = "<group>"; };
/* End PBXFileReference section */

/* Begin PBXFrameworksBuildPhase section */
		2A24016E1BBA2B6A00BBEF6D /* Frameworks */ = {
			isa = PBXFrameworksBuildPhase;
			buildActionMask = 2147483647;
			files = (
			);
			runOnlyForDeploymentPostprocessing = 0;
		};
		2A2401821BBA2B6A00BBEF6D /* Frameworks */ = {
			isa = PBXFrameworksBuildPhase;
			buildActionMask = 2147483647;
			files = (
			);
			runOnlyForDeploymentPostprocessing = 0;
		};
		2A24018D1BBA2B6A00BBEF6D /* Frameworks */ = {
			isa = PBXFrameworksBuildPhase;
			buildActionMask = 2147483647;
			files = (
			);
			runOnlyForDeploymentPostprocessing = 0;
		};
/* End PBXFrameworksBuildPhase section */

/* Begin PBXGroup section */
		2A2401681BBA2B6A00BBEF6D = {
			isa = PBXGroup;
			children = (
				2A2401731BBA2B6A00BBEF6D /* tweeter */,
				2A2401881BBA2B6A00BBEF6D /* tweeterTests */,
				2A2401931BBA2B6A00BBEF6D /* tweeterUITests */,
				2A2401721BBA2B6A00BBEF6D /* Products */,
			);
			sourceTree = "<group>";
		};
		2A2401721BBA2B6A00BBEF6D /* Products */ = {
			isa = PBXGroup;
			children = (
				2A2401711BBA2B6A00BBEF6D /* tweeter.app */,
				2A2401851BBA2B6A00BBEF6D /* tweeterTests.xctest */,
				2A2401901BBA2B6A00BBEF6D /* tweeterUITests.xctest */,
			);
			name = Products;
			sourceTree = "<group>";
		};
		2A2401731BBA2B6A00BBEF6D /* tweeter */ = {
			isa = PBXGroup;
			children = (
				2A2401741BBA2B6A00BBEF6D /* AppDelegate.swift */,
				2A2401761BBA2B6A00BBEF6D /* ViewController.swift */,
				2A2401781BBA2B6A00BBEF6D /* Main.storyboard */,
				2A24017B1BBA2B6A00BBEF6D /* Assets.xcassets */,
				2A24017D1BBA2B6A00BBEF6D /* LaunchScreen.storyboard */,
				2A2401801BBA2B6A00BBEF6D /* Info.plist */,
			);
			path = tweeter;
			sourceTree = "<group>";
		};
		2A2401881BBA2B6A00BBEF6D /* tweeterTests */ = {
			isa = PBXGroup;
			children = (
				2A2401891BBA2B6A00BBEF6D /* tweeterTests.swift */,
				2A24018B1BBA2B6A00BBEF6D /* Info.plist */,
			);
			path = tweeterTests;
			sourceTree = "<group>";
		};
		2A2401931BBA2B6A00BBEF6D /* tweeterUITests */ = {
			isa = PBXGroup;
			children = (
				2A2401941BBA2B6A00BBEF6D /* tweeterUITests.swift */,
				2A2401961BBA2B6A00BBEF6D /* Info.plist */,
			);
			path = tweeterUITests;
			sourceTree = "<group>";
		};
/* End PBXGroup section */

/* Begin PBXNativeTarget section */
		2A2401701BBA2B6A00BBEF6D /* tweeter */ = {
			isa = PBXNativeTarget;
			buildConfigurationList = 2A2401991BBA2B6A00BBEF6D /* Build configuration list for PBXNativeTarget "tweeter" */;
			buildPhases = (
				2A24016D1BBA2B6A00BBEF6D /* Sources */,
				2A24016E1BBA2B6A00BBEF6D /* Frameworks */,
				2A24016F1BBA2B6A00BBEF6D /* Resources */,
			);
			buildRules = (
			);
			dependencies = (
			);
			name = tweeter;
			productName = tweeter;
			productReference = 2A2401711BBA2B6A00BBEF6D /* tweeter.app */;
			productType = "com.apple.product-type.application";
		};
		2A2401841BBA2B6A00BBEF6D /* tweeterTests */ = {
			isa = PBXNativeTarget;
			buildConfigurationList = 2A24019C1BBA2B6A00BBEF6D /* Build configuration list for PBXNativeTarget "tweeterTests" */;
			buildPhases = (
				2A2401811BBA2B6A00BBEF6D /* Sources */,
				2A2401821BBA2B6A00BBEF6D /* Frameworks */,
				2A2401831BBA2B6A00BBEF6D /* Resources */,
			);
			buildRules = (
			);
			dependencies = (
				2A2401871BBA2B6A00BBEF6D /* PBXTargetDependency */,
			);
			name = tweeterTests;
			productName = tweeterTests;
			productReference = 2A2401851BBA2B6A00BBEF6D /* tweeterTests.xctest */;
			productType = "com.apple.product-type.bundle.unit-test";
		};
		2A24018F1BBA2B6A00BBEF6D /* tweeterUITests */ = {
			isa = PBXNativeTarget;
			buildConfigurationList = 2A24019F1BBA2B6A00BBEF6D /* Build configuration list for PBXNativeTarget "tweeterUITests" */;
			buildPhases = (
				2A24018C1BBA2B6A00BBEF6D /* Sources */,
				2A24018D1BBA2B6A00BBEF6D /* Frameworks */,
				2A24018E1BBA2B6A00BBEF6D /* Resources */,
			);
			buildRules = (
			);
			dependencies = (
				2A2401921BBA2B6A00BBEF6D /* PBXTargetDependency */,
			);
			name = tweeterUITests;
			productName = tweeterUITests;
			productReference = 2A2401901BBA2B6A00BBEF6D /* tweeterUITests.xctest */;
			productType = "com.apple.product-type.bundle.ui-testing";
		};
/* End PBXNativeTarget section */

/* Begin PBXProject section */
		2A2401691BBA2B6A00BBEF6D /* Project object */ = {
			isa = PBXProject;
			attributes = {
				LastUpgradeCheck = 0700;
				ORGANIZATIONNAME = "Hina Sakazaki";
				TargetAttributes = {
					2A2401701BBA2B6A00BBEF6D = {
						CreatedOnToolsVersion = 7.0;
					};
					2A2401841BBA2B6A00BBEF6D = {
						CreatedOnToolsVersion = 7.0;
						TestTargetID = 2A2401701BBA2B6A00BBEF6D;
					};
					2A24018F1BBA2B6A00BBEF6D = {
						CreatedOnToolsVersion = 7.0;
						TestTargetID = 2A2401701BBA2B6A00BBEF6D;
					};
				};
			};
			buildConfigurationList = 2A24016C1BBA2B6A00BBEF6D /* Build configuration list for PBXProject "tweeter" */;
			compatibilityVersion = "Xcode 3.2";
			developmentRegion = English;
			hasScannedForEncodings = 0;
			knownRegions = (
				en,
				Base,
			);
			mainGroup = 2A2401681BBA2B6A00BBEF6D;
			productRefGroup = 2A2401721BBA2B6A00BBEF6D /* Products */;
			projectDirPath = "";
			projectRoot = "";
			targets = (
				2A2401701BBA2B6A00BBEF6D /* tweeter */,
				2A2401841BBA2B6A00BBEF6D /* tweeterTests */,
				2A24018F1BBA2B6A00BBEF6D /* tweeterUITests */,
			);
		};
/* End PBXProject section */

/* Begin PBXResourcesBuildPhase section */
		2A24016F1BBA2B6A00BBEF6D /* Resources */ = {
			isa = PBXResourcesBuildPhase;
			buildActionMask = 2147483647;
			files = (
				2A24017F1BBA2B6A00BBEF6D /* LaunchScreen.storyboard in Resources */,
				2A24017C1BBA2B6A00BBEF6D /* Assets.xcassets in Resources */,
				2A24017A1BBA2B6A00BBEF6D /* Main.storyboard in Resources */,
			);
			runOnlyForDeploymentPostprocessing = 0;
		};
		2A2401831BBA2B6A00BBEF6D /* Resources */ = {
			isa = PBXResourcesBuildPhase;
			buildActionMask = 2147483647;
			files = (
			);
			runOnlyForDeploymentPostprocessing = 0;
		};
		2A24018E1BBA2B6A00BBEF6D /* Resources */ = {
			isa = PBXResourcesBuildPhase;
			buildActionMask = 2147483647;
			files = (
			);
			runOnlyForDeploymentPostprocessing = 0;
		};
/* End PBXResourcesBuildPhase section */

/* Begin PBXSourcesBuildPhase section */
		2A24016D1BBA2B6A00BBEF6D /* Sources */ = {
			isa = PBXSourcesBuildPhase;
			buildActionMask = 2147483647;
			files = (
				2A2401771BBA2B6A00BBEF6D /* ViewController.swift in Sources */,
				2A2401751BBA2B6A00BBEF6D /* AppDelegate.swift in Sources */,
			);
			runOnlyForDeploymentPostprocessing = 0;
		};
		2A2401811BBA2B6A00BBEF6D /* Sources */ = {
			isa = PBXSourcesBuildPhase;
			buildActionMask = 2147483647;
			files = (
				2A24018A1BBA2B6A00BBEF6D /* tweeterTests.swift in Sources */,
			);
			runOnlyForDeploymentPostprocessing = 0;
		};
		2A24018C1BBA2B6A00BBEF6D /* Sources */ = {
			isa = PBXSourcesBuildPhase;
			buildActionMask = 2147483647;
			files = (
				2A2401951BBA2B6A00BBEF6D /* tweeterUITests.swift in Sources */,
			);
			runOnlyForDeploymentPostprocessing = 0;
		};
/* End PBXSourcesBuildPhase section */

/* Begin PBXTargetDependency section */
		2A2401871BBA2B6A00BBEF6D /* PBXTargetDependency */ = {
			isa = PBXTargetDependency;
			target = 2A2401701BBA2B6A00BBEF6D /* tweeter */;
			targetProxy = 2A2401861BBA2B6A00BBEF6D /* PBXContainerItemProxy */;
		};
		2A2401921BBA2B6A00BBEF6D /* PBXTargetDependency */ = {
			isa = PBXTargetDependency;
			target = 2A2401701BBA2B6A00BBEF6D /* tweeter */;
			targetProxy = 2A2401911BBA2B6A00BBEF6D /* PBXContainerItemProxy */;
		};
/* End PBXTargetDependency section */

/* Begin PBXVariantGroup section */
		2A2401781BBA2B6A00BBEF6D /* Main.storyboard */ = {
			isa = PBXVariantGroup;
			children = (
				2A2401791BBA2B6A00BBEF6D /* Base */,
			);
			name = Main.storyboard;
			sourceTree = "<group>";
		};
		2A24017D1BBA2B6A00BBEF6D /* LaunchScreen.storyboard */ = {
			isa = PBXVariantGroup;
			children = (
				2A24017E1BBA2B6A00BBEF6D /* Base */,
			);
			name = LaunchScreen.storyboard;
			sourceTree = "<group>";
		};
/* End PBXVariantGroup section */

/* Begin XCBuildConfiguration section */
		2A2401971BBA2B6A00BBEF6D /* Debug */ = {
			isa = XCBuildConfiguration;
			buildSettings = {
				ALWAYS_SEARCH_USER_PATHS = NO;
				CLANG_CXX_LANGUAGE_STANDARD = "gnu++0x";
				CLANG_CXX_LIBRARY = "libc++";
				CLANG_ENABLE_MODULES = YES;
				CLANG_ENABLE_OBJC_ARC = YES;
				CLANG_WARN_BOOL_CONVERSION = YES;
				CLANG_WARN_CONSTANT_CONVERSION = YES;
				CLANG_WARN_DIRECT_OBJC_ISA_USAGE = YES_ERROR;
				CLANG_WARN_EMPTY_BODY = YES;
				CLANG_WARN_ENUM_CONVERSION = YES;
				CLANG_WARN_INT_CONVERSION = YES;
				CLANG_WARN_OBJC_ROOT_CLASS = YES_ERROR;
				CLANG_WARN_UNREACHABLE_CODE = YES;
				CLANG_WARN__DUPLICATE_METHOD_MATCH = YES;
				"CODE_SIGN_IDENTITY[sdk=iphoneos*]" = "iPhone Developer";
				COPY_PHASE_STRIP = NO;
				DEBUG_INFORMATION_FORMAT = dwarf;
				ENABLE_STRICT_OBJC_MSGSEND = YES;
				ENABLE_TESTABILITY = YES;
				GCC_C_LANGUAGE_STANDARD = gnu99;
				GCC_DYNAMIC_NO_PIC = NO;
				GCC_NO_COMMON_BLOCKS = YES;
				GCC_OPTIMIZATION_LEVEL = 0;
				GCC_PREPROCESSOR_DEFINITIONS = (
					"DEBUG=1",
					"$(inherited)",
				);
				GCC_WARN_64_TO_32_BIT_CONVERSION = YES;
				GCC_WARN_ABOUT_RETURN_TYPE = YES_ERROR;
				GCC_WARN_UNDECLARED_SELECTOR = YES;
				GCC_WARN_UNINITIALIZED_AUTOS = YES_AGGRESSIVE;
				GCC_WARN_UNUSED_FUNCTION = YES;
				GCC_WARN_UNUSED_VARIABLE = YES;
				IPHONEOS_DEPLOYMENT_TARGET = 9.0;
				MTL_ENABLE_DEBUG_INFO = YES;
				ONLY_ACTIVE_ARCH = YES;
				SDKROOT = iphoneos;
				SWIFT_OPTIMIZATION_LEVEL = "-Onone";
			};
			name = Debug;
		};
		2A2401981BBA2B6A00BBEF6D /* Release */ = {
			isa = XCBuildConfiguration;
			buildSettings = {
				ALWAYS_SEARCH_USER_PATHS = NO;
				CLANG_CXX_LANGUAGE_STANDARD = "gnu++0x";
				CLANG_CXX_LIBRARY = "libc++";
				CLANG_ENABLE_MODULES = YES;
				CLANG_ENABLE_OBJC_ARC = YES;
				CLANG_WARN_BOOL_CONVERSION = YES;
				CLANG_WARN_CONSTANT_CONVERSION = YES;
				CLANG_WARN_DIRECT_OBJC_ISA_USAGE = YES_ERROR;
				CLANG_WARN_EMPTY_BODY = YES;
				CLANG_WARN_ENUM_CONVERSION = YES;
				CLANG_WARN_INT_CONVERSION = YES;
				CLANG_WARN_OBJC_ROOT_CLASS = YES_ERROR;
				CLANG_WARN_UNREACHABLE_CODE = YES;
				CLANG_WARN__DUPLICATE_METHOD_MATCH = YES;
				"CODE_SIGN_IDENTITY[sdk=iphoneos*]" = "iPhone Developer";
				COPY_PHASE_STRIP = NO;
				DEBUG_INFORMATION_FORMAT = "dwarf-with-dsym";
				ENABLE_NS_ASSERTIONS = NO;
				ENABLE_STRICT_OBJC_MSGSEND = YES;
				GCC_C_LANGUAGE_STANDARD = gnu99;
				GCC_NO_COMMON_BLOCKS = YES;
				GCC_WARN_64_TO_32_BIT_CONVERSION = YES;
				GCC_WARN_ABOUT_RETURN_TYPE = YES_ERROR;
				GCC_WARN_UNDECLARED_SELECTOR = YES;
				GCC_WARN_UNINITIALIZED_AUTOS = YES_AGGRESSIVE;
				GCC_WARN_UNUSED_FUNCTION = YES;
				GCC_WARN_UNUSED_VARIABLE = YES;
				IPHONEOS_DEPLOYMENT_TARGET = 9.0;
				MTL_ENABLE_DEBUG_INFO = NO;
				SDKROOT = iphoneos;
				VALIDATE_PRODUCT = YES;
			};
			name = Release;
		};
		2A24019A1BBA2B6A00BBEF6D /* Debug */ = {
			isa = XCBuildConfiguration;
			buildSettings = {
				ASSETCATALOG_COMPILER_APPICON_NAME = AppIcon;
				INFOPLIST_FILE = tweeter/Info.plist;
				LD_RUNPATH_SEARCH_PATHS = "$(inherited) @executable_path/Frameworks";
				PRODUCT_BUNDLE_IDENTIFIER = hinerz.tweeter;
				PRODUCT_NAME = "$(TARGET_NAME)";
			};
			name = Debug;
		};
		2A24019B1BBA2B6A00BBEF6D /* Release */ = {
			isa = XCBuildConfiguration;
			buildSettings = {
				ASSETCATALOG_COMPILER_APPICON_NAME = AppIcon;
				INFOPLIST_FILE = tweeter/Info.plist;
				LD_RUNPATH_SEARCH_PATHS = "$(inherited) @executable_path/Frameworks";
				PRODUCT_BUNDLE_IDENTIFIER = hinerz.tweeter;
				PRODUCT_NAME = "$(TARGET_NAME)";
			};
			name = Release;
		};
		2A24019D1BBA2B6A00BBEF6D /* Debug */ = {
			isa = XCBuildConfiguration;
			buildSettings = {
				BUNDLE_LOADER = "$(TEST_HOST)";
				INFOPLIST_FILE = tweeterTests/Info.plist;
				LD_RUNPATH_SEARCH_PATHS = "$(inherited) @executable_path/Frameworks @loader_path/Frameworks";
				PRODUCT_BUNDLE_IDENTIFIER = hinerz.tweeterTests;
				PRODUCT_NAME = "$(TARGET_NAME)";
				TEST_HOST = "$(BUILT_PRODUCTS_DIR)/tweeter.app/tweeter";
			};
			name = Debug;
		};
		2A24019E1BBA2B6A00BBEF6D /* Release */ = {
			isa = XCBuildConfiguration;
			buildSettings = {
				BUNDLE_LOADER = "$(TEST_HOST)";
				INFOPLIST_FILE = tweeterTests/Info.plist;
				LD_RUNPATH_SEARCH_PATHS = "$(inherited) @executable_path/Frameworks @loader_path/Frameworks";
				PRODUCT_BUNDLE_IDENTIFIER = hinerz.tweeterTests;
				PRODUCT_NAME = "$(TARGET_NAME)";
				TEST_HOST = "$(BUILT_PRODUCTS_DIR)/tweeter.app/tweeter";
			};
			name = Release;
		};
		2A2401A01BBA2B6A00BBEF6D /* Debug */ = {
			isa = XCBuildConfiguration;
			buildSettings = {
				INFOPLIST_FILE = tweeterUITests/Info.plist;
				LD_RUNPATH_SEARCH_PATHS = "$(inherited) @executable_path/Frameworks @loader_path/Frameworks";
				PRODUCT_BUNDLE_IDENTIFIER = hinerz.tweeterUITests;
				PRODUCT_NAME = "$(TARGET_NAME)";
				TEST_TARGET_NAME = tweeter;
				USES_XCTRUNNER = YES;
			};
			name = Debug;
		};
		2A2401A11BBA2B6A00BBEF6D /* Release */ = {
			isa = XCBuildConfiguration;
			buildSettings = {
				INFOPLIST_FILE = tweeterUITests/Info.plist;
				LD_RUNPATH_SEARCH_PATHS = "$(inherited) @executable_path/Frameworks @loader_path/Frameworks";
				PRODUCT_BUNDLE_IDENTIFIER = hinerz.tweeterUITests;
				PRODUCT_NAME = "$(TARGET_NAME)";
				TEST_TARGET_NAME = tweeter;
				USES_XCTRUNNER = YES;
			};
			name = Release;
		};
/* End XCBuildConfiguration section */

/* Begin XCConfigurationList section */
		2A24016C1BBA2B6A00BBEF6D /* Build configuration list for PBXProject "tweeter" */ = {
			isa = XCConfigurationList;
			buildConfigurations = (
				2A2401971BBA2B6A00BBEF6D /* Debug */,
				2A2401981BBA2B6A00BBEF6D /* Release */,
			);
			defaultConfigurationIsVisible = 0;
			defaultConfigurationName = Release;
		};
		2A2401991BBA2B6A00BBEF6D /* Build configuration list for PBXNativeTarget "tweeter" */ = {
			isa = XCConfigurationList;
			buildConfigurations = (
				2A24019A1BBA2B6A00BBEF6D /* Debug */,
				2A24019B1BBA2B6A00BBEF6D /* Release */,
			);
			defaultConfigurationIsVisible = 0;
		};
		2A24019C1BBA2B6A00BBEF6D /* Build configuration list for PBXNativeTarget "tweeterTests" */ = {
			isa = XCConfigurationList;
			buildConfigurations = (
				2A24019D1BBA2B6A00BBEF6D /* Debug */,
				2A24019E1BBA2B6A00BBEF6D /* Release */,
			);
			defaultConfigurationIsVisible = 0;
		};
		2A24019F1BBA2B6A00BBEF6D /* Build configuration list for PBXNativeTarget "tweeterUITests" */ = {
			isa = XCConfigurationList;
			buildConfigurations = (
				2A2401A01BBA2B6A00BBEF6D /* Debug */,
				2A2401A11BBA2B6A00BBEF6D /* Release */,
			);
			defaultConfigurationIsVisible = 0;
		};
/* End XCConfigurationList section */
	};
	rootObject = 2A2401691BBA2B6A00BBEF6D /* Project object */;
}
